
Microsoft Visual Studio Solution File, Format Version 12.00
# Visual Studio Version 17
VisualStudioVersion = 17.2.32630.192
MinimumVisualStudioVersion = 10.0.40219.1
Project("{9A19103F-16F7-4668-BE54-9A1E7A4F7556}") = "PizzAdaAPI", "PizzAdaAPI\PizzAdaAPI.csproj", "{BA24FC02-0E37-4A07-A1D7-7B13384248A7}"
EndProject
Project("{9A19103F-16F7-4668-BE54-9A1E7A4F7556}") = "PizzAdaApp", "PizzAdaApp\PizzAdaApp.csproj", "{737C03DE-CEEA-45DE-98A8-BA74DA733BE6}"
EndProject
Project("{FAE04EC0-301F-11D3-BF4B-00C04F79EFBC}") = "PizzAdaTester", "PizzAdaTester\PizzAdaTester.csproj", "{EFB1A317-EC8B-46FA-9B75-7AAC759400DA}"
EndProject
Global
	GlobalSection(SolutionConfigurationPlatforms) = preSolution
		Debug|Any CPU = Debug|Any CPU
		Release|Any CPU = Release|Any CPU
	EndGlobalSection
	GlobalSection(ProjectConfigurationPlatforms) = postSolution
		{BA24FC02-0E37-4A07-A1D7-7B13384248A7}.Debug|Any CPU.ActiveCfg = Debug|Any CPU
		{BA24FC02-0E37-4A07-A1D7-7B13384248A7}.Debug|Any CPU.Build.0 = Debug|Any CPU
		{BA24FC02-0E37-4A07-A1D7-7B13384248A7}.Release|Any CPU.ActiveCfg = Release|Any CPU
		{BA24FC02-0E37-4A07-A1D7-7B13384248A7}.Release|Any CPU.Build.0 = Release|Any CPU
		{737C03DE-CEEA-45DE-98A8-BA74DA733BE6}.Debug|Any CPU.ActiveCfg = Debug|Any CPU
		{737C03DE-CEEA-45DE-98A8-BA74DA733BE6}.Debug|Any CPU.Build.0 = Debug|Any CPU
		{737C03DE-CEEA-45DE-98A8-BA74DA733BE6}.Release|Any CPU.ActiveCfg = Release|Any CPU
		{737C03DE-CEEA-45DE-98A8-BA74DA733BE6}.Release|Any CPU.Build.0 = Release|Any CPU
		{EFB1A317-EC8B-46FA-9B75-7AAC759400DA}.Debug|Any CPU.ActiveCfg = Debug|Any CPU
		{EFB1A317-EC8B-46FA-9B75-7AAC759400DA}.Debug|Any CPU.Build.0 = Debug|Any CPU
		{EFB1A317-EC8B-46FA-9B75-7AAC759400DA}.Release|Any CPU.ActiveCfg = Release|Any CPU
		{EFB1A317-EC8B-46FA-9B75-7AAC759400DA}.Release|Any CPU.Build.0 = Release|Any CPU
	EndGlobalSection
	GlobalSection(SolutionProperties) = preSolution
		HideSolutionNode = FALSE
	EndGlobalSection
	GlobalSection(ExtensibilityGlobals) = postSolution
		SolutionGuid = {CAE06C81-6ADD-4E1B-B8B0-EF3454208B5B}
	EndGlobalSection
EndGlobal
